<?xml version="1.0" encoding="UTF-8"?>
<Project ToolsVersion="15.0" xmlns="http://schemas.microsoft.com/developer/msbuild/2003">
  <ItemGroup>
    <CustomBuild Include="C:\Users\eozgonul\Documents\Visual Studio 2017\Projects\CmakeDependencyRemover\CmakeDependencyRemover.Test\resource\TestFiles\CMakeFiles\3447b87de9493d41897582aa66f2c35c\generate.stamp.rule">
      <Filter>CMake Rules</Filter>
    </CustomBuild>
  </ItemGroup>
  <ItemGroup>
    <Filter Include="CMake Rules">
      <UniqueIdentifier>{EF2175CF-6C30-37AA-8F85-B99C410EFE92}</UniqueIdentifier>
    </Filter>
  </ItemGroup>
</Project>
